// !$*UTF8*$!
{
	archiveVersion = 1;
	classes = {
	};
	objectVersion = 70;
	objects = {

/* Begin PBXBuildFile section */
		1BF3FCF12BAF1D3300D3B043 /* raudio.c in Sources */ = {isa = PBXBuildFile; fileRef = 1BF3FCEA2BAF1D3300D3B043 /* raudio.c */; };
		1BF3FCF32BAF1D3300D3B043 /* rshapes.c in Sources */ = {isa = PBXBuildFile; fileRef = 1BF3FCEC2BAF1D3300D3B043 /* rshapes.c */; };
		1BF3FCF42BAF1D3300D3B043 /* rtextures.c in Sources */ = {isa = PBXBuildFile; fileRef = 1BF3FCED2BAF1D3300D3B043 /* rtextures.c */; };
		1BF3FCF52BAF1D3300D3B043 /* rcore.c in Sources */ = {isa = PBXBuildFile; fileRef = 1BF3FCEE2BAF1D3300D3B043 /* rcore.c */; };
		1BF3FCF62BAF1D3300D3B043 /* rtext.c in Sources */ = {isa = PBXBuildFile; fileRef = 1BF3FCEF2BAF1D3300D3B043 /* rtext.c */; };
		1BF3FCF72BAF1D3300D3B043 /* rmodels.c in Sources */ = {isa = PBXBuildFile; fileRef = 1BF3FCF02BAF1D3300D3B043 /* rmodels.c */; };
		7E422D062F1D3D9800FF628F /* libEGL.xcframework in Frameworks */ = {isa = PBXBuildFile; fileRef = 7E6D97E42F1C118600A13D6B /* libEGL.xcframework */; };
		7E422D072F1D3D9800FF628F /* libEGL.xcframework in Embed Frameworks */ = {isa = PBXBuildFile; fileRef = 7E6D97E42F1C118600A13D6B /* libEGL.xcframework */; settings = {ATTRIBUTES = (CodeSignOnCopy, RemoveHeadersOnCopy, ); }; };
		7E422D082F1D3D9A00FF628F /* libGLESv2.xcframework in Frameworks */ = {isa = PBXBuildFile; fileRef = 7E6D97E52F1C118600A13D6B /* libGLESv2.xcframework */; };
		7E422D092F1D3D9A00FF628F /* libGLESv2.xcframework in Embed Frameworks */ = {isa = PBXBuildFile; fileRef = 7E6D97E52F1C118600A13D6B /* libGLESv2.xcframework */; settings = {ATTRIBUTES = (CodeSignOnCopy, RemoveHeadersOnCopy, ); }; };
		7E824FE12EA18FB500C0FD27 /* Assets.xcassets in Resources */ = {isa = PBXBuildFile; fileRef = 7E824F812EA18E8F00C0FD27 /* Assets.xcassets */; };
		8B1BD9152DF4B8E60079F3AE /* IOSBridge.mm in Sources */ = {isa = PBXBuildFile; fileRef = 8B1BD9132DF4B89F0079F3AE /* IOSBridge.mm */; };
		B12345012F90000100AAA001 /* StoreKit.framework in Frameworks */ = {isa = PBXBuildFile; fileRef = B12345002F90000100AAA001 /* StoreKit.framework */; };
/* End PBXBuildFile section */

/* Begin PBXCopyFilesBuildPhase section */
		1BF3FCE22BAF1C1900D3B043 /* Embed Frameworks */ = {
			isa = PBXCopyFilesBuildPhase;
			buildActionMask = 2147483647;
			dstPath = "";
			dstSubfolderSpec = 10;
			files = (
				7E422D092F1D3D9A00FF628F /* libGLESv2.xcframework in Embed Frameworks */,
				7E422D072F1D3D9800FF628F /* libEGL.xcframework in Embed Frameworks */,
			);
			name = "Embed Frameworks";
			runOnlyForDeploymentPostprocessing = 0;
		};
/* End PBXCopyFilesBuildPhase section */

/* Begin PBXFileReference section */
		1BF3FCC32BAF1BC900D3B043 /* raymark.app */ = {isa = PBXFileReference; explicitFileType = wrapper.application; includeInIndex = 0; path = raymark.app; sourceTree = BUILT_PRODUCTS_DIR; };
		1BF3FCE42BAF1C3000D3B043 /* AVFAudio.framework */ = {isa = PBXFileReference; lastKnownFileType = wrapper.framework; name = AVFAudio.framework; path = System/Library/Frameworks/AVFAudio.framework; sourceTree = SDKROOT; };
		1BF3FCE52BAF1C3000D3B043 /* AVFoundation.framework */ = {isa = PBXFileReference; lastKnownFileType = wrapper.framework; name = AVFoundation.framework; path = System/Library/Frameworks/AVFoundation.framework; sourceTree = SDKROOT; };
		1BF3FCE82BAF1C3800D3B043 /* Foundation.framework */ = {isa = PBXFileReference; lastKnownFileType = wrapper.framework; name = Foundation.framework; path = System/Library/Frameworks/Foundation.framework; sourceTree = SDKROOT; };
		1BF3FCEA2BAF1D3300D3B043 /* raudio.c */ = {isa = PBXFileReference; explicitFileType = sourcecode.c.objc; fileEncoding = 4; name = raudio.c; path = ../raylib/src/raudio.c; sourceTree = SOURCE_ROOT; };
		1BF3FCEC2BAF1D3300D3B043 /* rshapes.c */ = {isa = PBXFileReference; fileEncoding = 4; lastKnownFileType = sourcecode.c.c; name = rshapes.c; path = ../raylib/src/rshapes.c; sourceTree = SOURCE_ROOT; };
		1BF3FCED2BAF1D3300D3B043 /* rtextures.c */ = {isa = PBXFileReference; fileEncoding = 4; lastKnownFileType = sourcecode.c.c; name = rtextures.c; path = ../raylib/src/rtextures.c; sourceTree = SOURCE_ROOT; };
		1BF3FCEE2BAF1D3300D3B043 /* rcore.c */ = {isa = PBXFileReference; explicitFileType = sourcecode.c.objc; fileEncoding = 4; name = rcore.c; path = ../raylib/src/rcore.c; sourceTree = SOURCE_ROOT; };
		1BF3FCEF2BAF1D3300D3B043 /* rtext.c */ = {isa = PBXFileReference; fileEncoding = 4; lastKnownFileType = sourcecode.c.c; name = rtext.c; path = ../raylib/src/rtext.c; sourceTree = SOURCE_ROOT; };
		1BF3FCF02BAF1D3300D3B043 /* rmodels.c */ = {isa = PBXFileReference; fileEncoding = 4; lastKnownFileType = sourcecode.c.c; name = rmodels.c; path = ../raylib/src/rmodels.c; sourceTree = SOURCE_ROOT; };
		7E6D97E42F1C118600A13D6B /* libEGL.xcframework */ = {isa = PBXFileReference; lastKnownFileType = wrapper.xcframework; path = libEGL.xcframework; sourceTree = "<group>"; };
		7E6D97E52F1C118600A13D6B /* libGLESv2.xcframework */ = {isa = PBXFileReference; lastKnownFileType = wrapper.xcframework; path = libGLESv2.xcframework; sourceTree = "<group>"; };
		7E824F812EA18E8F00C0FD27 /* Assets.xcassets */ = {isa = PBXFileReference; lastKnownFileType = folder.assetcatalog; path = Assets.xcassets; sourceTree = "<group>"; };
		7EAFF68D2F687381006BD3AE /* rgestures.h */ = {isa = PBXFileReference; lastKnownFileType = sourcecode.c.h; name = rgestures.h; path = ../raylib/src/rgestures.h; sourceTree = SOURCE_ROOT; };
		7EAFF68E2F687381006BD3AE /* rlgl.h */ = {isa = PBXFileReference; lastKnownFileType = sourcecode.c.h; name = rlgl.h; path = ../raylib/src/rlgl.h; sourceTree = SOURCE_ROOT; };
		8B1BD9102DF4B7310079F3AE /* rcore_ios.c */ = {isa = PBXFileReference; lastKnownFileType = sourcecode.c.c; name = rcore_ios.c; path = ../raylib/src/platforms/rcore_ios.c; sourceTree = SOURCE_ROOT; };
		8B1BD9132DF4B89F0079F3AE /* IOSBridge.mm */ = {isa = PBXFileReference; lastKnownFileType = sourcecode.cpp.objcpp; path = IOSBridge.mm; sourceTree = "<group>"; };
		8B1BD9142DF4B8B90079F3AE /* IOSBridge.h */ = {isa = PBXFileReference; lastKnownFileType = sourcecode.c.h; path = IOSBridge.h; sourceTree = "<group>"; };
		8BD674202DF460ED00ACC4D8 /* CoreAudioTypes.framework */ = {isa = PBXFileReference; lastKnownFileType = wrapper.framework; name = CoreAudioTypes.framework; path = System/Library/Frameworks/CoreAudioTypes.framework; sourceTree = SDKROOT; };
		8BD674222DF4615600ACC4D8 /* CoreAudio.framework */ = {isa = PBXFileReference; lastKnownFileType = wrapper.framework; name = CoreAudio.framework; path = System/Library/Frameworks/CoreAudio.framework; sourceTree = SDKROOT; };
		8BD674242DF461B900ACC4D8 /* AudioToolbox.framework */ = {isa = PBXFileReference; lastKnownFileType = wrapper.framework; name = AudioToolbox.framework; path = System/Library/Frameworks/AudioToolbox.framework; sourceTree = SDKROOT; };
		B12345002F90000100AAA001 /* StoreKit.framework */ = {isa = PBXFileReference; lastKnownFileType = wrapper.framework; name = StoreKit.framework; path = System/Library/Frameworks/StoreKit.framework; sourceTree = SDKROOT; };
/* End PBXFileReference section */

/* Begin PBXFileSystemSynchronizedRootGroup section */
		7E725D272FCAF8EE00082558 /* core */ = {isa = PBXFileSystemSynchronizedRootGroup; explicitFileTypes = {}; explicitFolders = (); name = core; path = ../desktop/src/core; sourceTree = SOURCE_ROOT; };
		7E725D312FCAF91000082558 /* resources */ = {isa = PBXFileSystemSynchronizedRootGroup; explicitFileTypes = {}; explicitFolders = (); name = resources; path = ../desktop/resources; sourceTree = SOURCE_ROOT; };
/* End PBXFileSystemSynchronizedRootGroup section */

/* Begin PBXFrameworksBuildPhase section */
		1BF3FCC02BAF1BC900D3B043 /* Frameworks */ = {
			isa = PBXFrameworksBuildPhase;
			buildActionMask = 2147483647;
			files = (
				B12345012F90000100AAA001 /* StoreKit.framework in Frameworks */,
				7E422D082F1D3D9A00FF628F /* libGLESv2.xcframework in Frameworks */,
				7E422D062F1D3D9800FF628F /* libEGL.xcframework in Frameworks */,
			);
			runOnlyForDeploymentPostprocessing = 0;
		};
/* End PBXFrameworksBuildPhase section */

/* Begin PBXGroup section */
		1B16D8EE2BAEDBEA001FD5E0 = {
			isa = PBXGroup;
			children = (
				7E824F812EA18E8F00C0FD27 /* Assets.xcassets */,
				7E725D272FCAF8EE00082558 /* core */,
				7E725D312FCAF91000082558 /* resources */,
				7E6D97E62F1C118600A13D6B /* ANGLE */,
				1BF3FCC42BAF1BC900D3B043 /* raylib */,
				1B16D8F92BAEDBEA001FD5E0 /* Products */,
				1BF3FCE32BAF1C3000D3B043 /* Frameworks */,
			);
			sourceTree = "<group>";
		};
		1B16D8F92BAEDBEA001FD5E0 /* Products */ = {
			isa = PBXGroup;
			children = (
				1BF3FCC32BAF1BC900D3B043 /* raymark.app */,
			);
			name = Products;
			sourceTree = "<group>";
		};
		1BF3FCC42BAF1BC900D3B043 /* raylib */ = {
			isa = PBXGroup;
			children = (
				1BF3FCEA2BAF1D3300D3B043 /* raudio.c */,
				8B1BD9102DF4B7310079F3AE /* rcore_ios.c */,
				1BF3FCEE2BAF1D3300D3B043 /* rcore.c */,
				1BF3FCF02BAF1D3300D3B043 /* rmodels.c */,
				1BF3FCEC2BAF1D3300D3B043 /* rshapes.c */,
				1BF3FCEF2BAF1D3300D3B043 /* rtext.c */,
				1BF3FCED2BAF1D3300D3B043 /* rtextures.c */,
				7EAFF68D2F687381006BD3AE /* rgestures.h */,
				7EAFF68E2F687381006BD3AE /* rlgl.h */,
				8B1BD9122DF4B88B0079F3AE /* bridge */,
			);
			path = raylib;
			sourceTree = "<group>";
		};
		1BF3FCE32BAF1C3000D3B043 /* Frameworks */ = {
			isa = PBXGroup;
			children = (
				8BD674242DF461B900ACC4D8 /* AudioToolbox.framework */,
				8BD674222DF4615600ACC4D8 /* CoreAudio.framework */,
				8BD674202DF460ED00ACC4D8 /* CoreAudioTypes.framework */,
				1BF3FCE82BAF1C3800D3B043 /* Foundation.framework */,
				B12345002F90000100AAA001 /* StoreKit.framework */,
				1BF3FCE42BAF1C3000D3B043 /* AVFAudio.framework */,
				1BF3FCE52BAF1C3000D3B043 /* AVFoundation.framework */,
			);
			name = Frameworks;
			sourceTree = "<group>";
		};
		7E6D97E62F1C118600A13D6B /* ANGLE */ = {
			isa = PBXGroup;
			children = (
				7E6D97E42F1C118600A13D6B /* libEGL.xcframework */,
				7E6D97E52F1C118600A13D6B /* libGLESv2.xcframework */,
			);
			name = ANGLE;
			path = ../raylib/deps/ANGLE;
			sourceTree = SOURCE_ROOT;
		};
		8B1BD9122DF4B88B0079F3AE /* bridge */ = {
			isa = PBXGroup;
			children = (
				8B1BD9142DF4B8B90079F3AE /* IOSBridge.h */,
				8B1BD9132DF4B89F0079F3AE /* IOSBridge.mm */,
			);
			path = bridge;
			sourceTree = "<group>";
		};
/* End PBXGroup section */

/* Begin PBXNativeTarget section */
		1BF3FCC22BAF1BC900D3B043 /* raymark */ = {
			isa = PBXNativeTarget;
			buildConfigurationList = 1BF3FCDB2BAF1BCB00D3B043 /* Build configuration list for PBXNativeTarget "raymark" */;
			buildPhases = (
				1BF3FCBF2BAF1BC900D3B043 /* Sources */,
				1BF3FCC02BAF1BC900D3B043 /* Frameworks */,
				1BF3FCC12BAF1BC900D3B043 /* Resources */,
				1BF3FCE22BAF1C1900D3B043 /* Embed Frameworks */,
			);
			buildRules = (
			);
			dependencies = (
			);
			fileSystemSynchronizedGroups = (
				7E725D272FCAF8EE00082558 /* core */,
				7E725D312FCAF91000082558 /* resources */,
			);
			name = raymark;
			productName = raylib;
			productReference = 1BF3FCC32BAF1BC900D3B043 /* raymark.app */;
			productType = "com.apple.product-type.application";
		};
/* End PBXNativeTarget section */

/* Begin PBXProject section */
		1B16D8EF2BAEDBEA001FD5E0 /* Project object */ = {
			isa = PBXProject;
			attributes = {
				BuildIndependentTargetsInParallel = 1;
				LastUpgradeCheck = 2600;
				TargetAttributes = {
					1BF3FCC22BAF1BC900D3B043 = {
						CreatedOnToolsVersion = 15.2;
					};
				};
			};
			buildConfigurationList = 1B16D8F22BAEDBEA001FD5E0 /* Build configuration list for PBXProject "raymark" */;
			compatibilityVersion = "Xcode 14.0";
			developmentRegion = en;
			hasScannedForEncodings = 0;
			knownRegions = (
				en,
				Base,
			);
			mainGroup = 1B16D8EE2BAEDBEA001FD5E0;
			productRefGroup = 1B16D8F92BAEDBEA001FD5E0 /* Products */;
			projectDirPath = "";
			projectRoot = "";
			targets = (
				1BF3FCC22BAF1BC900D3B043 /* raymark */,
			);
		};
/* End PBXProject section */

/* Begin PBXResourcesBuildPhase section */
		1BF3FCC12BAF1BC900D3B043 /* Resources */ = {
			isa = PBXResourcesBuildPhase;
			buildActionMask = 2147483647;
			files = (
				7E824FE12EA18FB500C0FD27 /* Assets.xcassets in Resources */,
			);
			runOnlyForDeploymentPostprocessing = 0;
		};
/* End PBXResourcesBuildPhase section */

/* Begin PBXSourcesBuildPhase section */
		1BF3FCBF2BAF1BC900D3B043 /* Sources */ = {
			isa = PBXSourcesBuildPhase;
			buildActionMask = 2147483647;
			files = (
				1BF3FCF32BAF1D3300D3B043 /* rshapes.c in Sources */,
				1BF3FCF12BAF1D3300D3B043 /* raudio.c in Sources */,
				1BF3FCF42BAF1D3300D3B043 /* rtextures.c in Sources */,
				8B1BD9152DF4B8E60079F3AE /* IOSBridge.mm in Sources */,
				1BF3FCF62BAF1D3300D3B043 /* rtext.c in Sources */,
				1BF3FCF52BAF1D3300D3B043 /* rcore.c in Sources */,
				1BF3FCF72BAF1D3300D3B043 /* rmodels.c in Sources */,
			);
			runOnlyForDeploymentPostprocessing = 0;
		};
/* End PBXSourcesBuildPhase section */

/* Begin XCBuildConfiguration section */
		1B16D8FD2BAEDBEA001FD5E0 /* Debug */ = {
			isa = XCBuildConfiguration;
			buildSettings = {
				ASSETCATALOG_COMPILER_GENERATE_SWIFT_ASSET_SYMBOL_EXTENSIONS = YES;
				CLANG_ANALYZER_NONNULL = YES;
				CLANG_ANALYZER_NUMBER_OBJECT_CONVERSION = YES_AGGRESSIVE;
				CLANG_CXX_LANGUAGE_STANDARD = "c++17";
				CLANG_ENABLE_MODULES = YES;
				CLANG_ENABLE_OBJC_ARC = YES;
				CLANG_ENABLE_OBJC_WEAK = YES;
				CLANG_WARN_BLOCK_CAPTURE_AUTORELEASING = YES;
				CLANG_WARN_BOOL_CONVERSION = YES;
				CLANG_WARN_COMMA = YES;
				CLANG_WARN_CONSTANT_CONVERSION = YES;
				CLANG_WARN_DEPRECATED_OBJC_IMPLEMENTATIONS = YES;
				CLANG_WARN_DIRECT_OBJC_ISA_USAGE = YES_ERROR;
				CLANG_WARN_DOCUMENTATION_COMMENTS = YES;
				CLANG_WARN_EMPTY_BODY = YES;
				CLANG_WARN_ENUM_CONVERSION = YES;
				CLANG_WARN_INFINITE_RECURSION = YES;
				CLANG_WARN_INT_CONVERSION = YES;
				CLANG_WARN_NON_LITERAL_NULL_CONVERSION = YES;
				CLANG_WARN_OBJC_IMPLICIT_RETAIN_SELF = YES;
				CLANG_WARN_OBJC_LITERAL_CONVERSION = YES;
				CLANG_WARN_OBJC_ROOT_CLASS = YES_ERROR;
				CLANG_WARN_QUOTED_INCLUDE_IN_FRAMEWORK_HEADER = YES;
				CLANG_WARN_RANGE_LOOP_ANALYSIS = YES;
				CLANG_WARN_STRICT_PROTOTYPES = NO;
				CLANG_WARN_SUSPICIOUS_MOVE = YES;
				CLANG_WARN_UNGUARDED_AVAILABILITY = YES_AGGRESSIVE;
				CLANG_WARN_UNREACHABLE_CODE = YES;
				CLANG_WARN__DUPLICATE_METHOD_MATCH = YES;
				COPY_PHASE_STRIP = NO;
				CURRENT_PROJECT_VERSION = 393;
				DEBUG_INFORMATION_FORMAT = dwarf;
				DEVELOPMENT_TEAM = W6US3Z83P6;
				ENABLE_STRICT_OBJC_MSGSEND = YES;
				ENABLE_TESTABILITY = YES;
				ENABLE_USER_SCRIPT_SANDBOXING = YES;
				GCC_C_LANGUAGE_STANDARD = c17;
				GCC_DYNAMIC_NO_PIC = NO;
				GCC_NO_COMMON_BLOCKS = YES;
				GCC_OPTIMIZATION_LEVEL = 0;
				GCC_PREPROCESSOR_DEFINITIONS = (
					"DEBUG=1",
					"$(inherited)",
				);
				GCC_WARN_64_TO_32_BIT_CONVERSION = YES;
				GCC_WARN_ABOUT_RETURN_TYPE = YES_ERROR;
				GCC_WARN_UNDECLARED_SELECTOR = YES;
				GCC_WARN_UNINITIALIZED_AUTOS = YES_AGGRESSIVE;
				GCC_WARN_UNUSED_FUNCTION = YES;
				GCC_WARN_UNUSED_VARIABLE = YES;
				IPHONEOS_DEPLOYMENT_TARGET = 15.6;
				LOCALIZATION_PREFERS_STRING_CATALOGS = YES;
				MTL_ENABLE_DEBUG_INFO = INCLUDE_SOURCE;
				MTL_FAST_MATH = YES;
				ONLY_ACTIVE_ARCH = YES;
				SDKROOT = iphoneos;
				STRING_CATALOG_GENERATE_SYMBOLS = YES;
				USER_HEADER_SEARCH_PATHS = "$(PROJECT_DIR)/../raylib/src";
			};
			name = Debug;
		};
		1B16D8FE2BAEDBEA001FD5E0 /* Release */ = {
			isa = XCBuildConfiguration;
			buildSettings = {
				ASSETCATALOG_COMPILER_GENERATE_SWIFT_ASSET_SYMBOL_EXTENSIONS = YES;
				CLANG_ANALYZER_NONNULL = YES;
				CLANG_ANALYZER_NUMBER_OBJECT_CONVERSION = YES_AGGRESSIVE;
				CLANG_CXX_LANGUAGE_STANDARD = "c++17";
				CLANG_ENABLE_MODULES = YES;
				CLANG_ENABLE_OBJC_ARC = YES;
				CLANG_ENABLE_OBJC_WEAK = YES;
				CLANG_WARN_BLOCK_CAPTURE_AUTORELEASING = YES;
				CLANG_WARN_BOOL_CONVERSION = YES;
				CLANG_WARN_COMMA = YES;
				CLANG_WARN_CONSTANT_CONVERSION = YES;
				CLANG_WARN_DEPRECATED_OBJC_IMPLEMENTATIONS = YES;
				CLANG_WARN_DIRECT_OBJC_ISA_USAGE = YES_ERROR;
				CLANG_WARN_DOCUMENTATION_COMMENTS = YES;
				CLANG_WARN_EMPTY_BODY = YES;
				CLANG_WARN_ENUM_CONVERSION = YES;
				CLANG_WARN_INFINITE_RECURSION = YES;
				CLANG_WARN_INT_CONVERSION = YES;
				CLANG_WARN_NON_LITERAL_NULL_CONVERSION = YES;
				CLANG_WARN_OBJC_IMPLICIT_RETAIN_SELF = YES;
				CLANG_WARN_OBJC_LITERAL_CONVERSION = YES;
				CLANG_WARN_OBJC_ROOT_CLASS = YES_ERROR;
				CLANG_WARN_QUOTED_INCLUDE_IN_FRAMEWORK_HEADER = YES;
				CLANG_WARN_RANGE_LOOP_ANALYSIS = YES;
				CLANG_WARN_STRICT_PROTOTYPES = NO;
				CLANG_WARN_SUSPICIOUS_MOVE = YES;
				CLANG_WARN_UNGUARDED_AVAILABILITY = YES_AGGRESSIVE;
				CLANG_WARN_UNREACHABLE_CODE = YES;
				CLANG_WARN__DUPLICATE_METHOD_MATCH = YES;
				COPY_PHASE_STRIP = YES;
				CURRENT_PROJECT_VERSION = 393;
				DEBUG_INFORMATION_FORMAT = "dwarf-with-dsym";
				DEVELOPMENT_TEAM = W6US3Z83P6;
				ENABLE_NS_ASSERTIONS = NO;
				ENABLE_STRICT_OBJC_MSGSEND = YES;
				ENABLE_USER_SCRIPT_SANDBOXING = YES;
				GCC_C_LANGUAGE_STANDARD = c17;
				GCC_NO_COMMON_BLOCKS = YES;
				GCC_WARN_64_TO_32_BIT_CONVERSION = YES;
				GCC_WARN_ABOUT_RETURN_TYPE = YES_ERROR;
				GCC_WARN_UNDECLARED_SELECTOR = YES;
				GCC_WARN_UNINITIALIZED_AUTOS = YES_AGGRESSIVE;
				GCC_WARN_UNUSED_FUNCTION = YES;
				GCC_WARN_UNUSED_VARIABLE = YES;
				IPHONEOS_DEPLOYMENT_TARGET = 15.6;
				LOCALIZATION_PREFERS_STRING_CATALOGS = YES;
				MTL_ENABLE_DEBUG_INFO = NO;
				MTL_FAST_MATH = YES;
				SDKROOT = iphoneos;
				STRING_CATALOG_GENERATE_SYMBOLS = YES;
				USER_HEADER_SEARCH_PATHS = "$(PROJECT_DIR)/../raylib/src";
				VALIDATE_PRODUCT = YES;
			};
			name = Release;
		};
		1BF3FCDC2BAF1BCB00D3B043 /* Debug */ = {
			isa = XCBuildConfiguration;
			buildSettings = {
				ASSETCATALOG_COMPILER_APPICON_NAME = AppIcon;
				ASSETCATALOG_COMPILER_GLOBAL_ACCENT_COLOR_NAME = AccentColor;
				CLANG_WARN_COMMA = NO;
				CLANG_WARN_STRICT_PROTOTYPES = NO;
				CLANG_WARN_UNREACHABLE_CODE = NO;
				CODE_SIGN_IDENTITY = "Apple Development";
				CODE_SIGN_STYLE = Automatic;
				CURRENT_PROJECT_VERSION = 393;
				GCC_PREPROCESSOR_DEFINITIONS = (
					"DEBUG=1",
					GRAPHICS_API_OPENGL_ES3,
					PLATFORM_IOS,
					GL_GLEXT_PROTOTYPES,
				);
				GCC_WARN_64_TO_32_BIT_CONVERSION = NO;
				GCC_WARN_UNINITIALIZED_AUTOS = YES;
				GENERATE_INFOPLIST_FILE = YES;
				INFOPLIST_KEY_CFBundleDisplayName = raymark;
				INFOPLIST_KEY_ITSAppUsesNonExemptEncryption = NO;
				INFOPLIST_KEY_LSApplicationCategoryType = "public.app-category.games";
				INFOPLIST_KEY_UIApplicationSupportsIndirectInputEvents = YES;
				INFOPLIST_KEY_UILaunchStoryboardName = "";
				INFOPLIST_KEY_UIRequiredDeviceCapabilities = metal;
				INFOPLIST_KEY_UIRequiresFullScreen = YES;
				INFOPLIST_KEY_UIStatusBarHidden = YES;
				INFOPLIST_KEY_UISupportedInterfaceOrientations = UIInterfaceOrientationLandscapeRight;
				INFOPLIST_KEY_UISupportedInterfaceOrientations_iPad = UIInterfaceOrientationLandscapeLeft;
				LD_RUNPATH_SEARCH_PATHS = (
					"$(inherited)",
					"@executable_path/Frameworks",
				);
				MARKETING_VERSION = 1.1.0;
				PRODUCT_BUNDLE_IDENTIFIER = it.felixstudio.raymark;
				PRODUCT_NAME = "$(TARGET_NAME)";
				PROVISIONING_PROFILE_SPECIFIER = "";
				SUPPORTED_PLATFORMS = "iphoneos iphonesimulator";
				SUPPORTS_MACCATALYST = NO;
				SUPPORTS_MAC_DESIGNED_FOR_IPHONE_IPAD = NO;
				SUPPORTS_XR_DESIGNED_FOR_IPHONE_IPAD = NO;
				SWIFT_EMIT_LOC_STRINGS = YES;
				TARGETED_DEVICE_FAMILY = "1,2";
			};
			name = Debug;
		};
		1BF3FCDD2BAF1BCB00D3B043 /* Release */ = {
			isa = XCBuildConfiguration;
			buildSettings = {
				ASSETCATALOG_COMPILER_APPICON_NAME = AppIcon;
				ASSETCATALOG_COMPILER_GLOBAL_ACCENT_COLOR_NAME = AccentColor;
				CLANG_WARN_COMMA = NO;
				CLANG_WARN_STRICT_PROTOTYPES = NO;
				CLANG_WARN_UNREACHABLE_CODE = NO;
				CODE_SIGN_IDENTITY = "Apple Development";
				CODE_SIGN_STYLE = Automatic;
				CURRENT_PROJECT_VERSION = 393;
				GCC_PREPROCESSOR_DEFINITIONS = (
					GRAPHICS_API_OPENGL_ES3,
					PLATFORM_IOS,
					GL_GLEXT_PROTOTYPES,
				);
				GCC_WARN_64_TO_32_BIT_CONVERSION = NO;
				GCC_WARN_UNINITIALIZED_AUTOS = YES;
				GENERATE_INFOPLIST_FILE = YES;
				INFOPLIST_KEY_CFBundleDisplayName = raymark;
				INFOPLIST_KEY_ITSAppUsesNonExemptEncryption = NO;
				INFOPLIST_KEY_LSApplicationCategoryType = "public.app-category.games";
				INFOPLIST_KEY_UIApplicationSupportsIndirectInputEvents = YES;
				INFOPLIST_KEY_UILaunchStoryboardName = "";
				INFOPLIST_KEY_UIRequiredDeviceCapabilities = metal;
				INFOPLIST_KEY_UIRequiresFullScreen = YES;
				INFOPLIST_KEY_UIStatusBarHidden = YES;
				INFOPLIST_KEY_UISupportedInterfaceOrientations = UIInterfaceOrientationLandscapeRight;
				INFOPLIST_KEY_UISupportedInterfaceOrientations_iPad = UIInterfaceOrientationLandscapeLeft;
				LD_RUNPATH_SEARCH_PATHS = (
					"$(inherited)",
					"@executable_path/Frameworks",
				);
				MARKETING_VERSION = 1.1.0;
				PRODUCT_BUNDLE_IDENTIFIER = it.felixstudio.raymark;
				PRODUCT_NAME = "$(TARGET_NAME)";
				PROVISIONING_PROFILE_SPECIFIER = "";
				SUPPORTED_PLATFORMS = "iphoneos iphonesimulator";
				SUPPORTS_MACCATALYST = NO;
				SUPPORTS_MAC_DESIGNED_FOR_IPHONE_IPAD = NO;
				SUPPORTS_XR_DESIGNED_FOR_IPHONE_IPAD = NO;
				SWIFT_EMIT_LOC_STRINGS = YES;
				TARGETED_DEVICE_FAMILY = "1,2";
			};
			name = Release;
		};
/* End XCBuildConfiguration section */

/* Begin XCConfigurationList section */
		1B16D8F22BAEDBEA001FD5E0 /* Build configuration list for PBXProject "raymark" */ = {
			isa = XCConfigurationList;
			buildConfigurations = (
				1B16D8FD2BAEDBEA001FD5E0 /* Debug */,
				1B16D8FE2BAEDBEA001FD5E0 /* Release */,
			);
			defaultConfigurationIsVisible = 0;
			defaultConfigurationName = Release;
		};
		1BF3FCDB2BAF1BCB00D3B043 /* Build configuration list for PBXNativeTarget "raymark" */ = {
			isa = XCConfigurationList;
			buildConfigurations = (
				1BF3FCDC2BAF1BCB00D3B043 /* Debug */,
				1BF3FCDD2BAF1BCB00D3B043 /* Release */,
			);
			defaultConfigurationIsVisible = 0;
			defaultConfigurationName = Release;
		};
/* End XCConfigurationList section */
	};
	rootObject = 1B16D8EF2BAEDBEA001FD5E0 /* Project object */;
}
